
Microsoft Visual Studio Solution File, Format Version 12.00
# Visual Studio Version 17
VisualStudioVersion = 17.0.31903.59
MinimumVisualStudioVersion = 10.0.40219.1
Project("{FAE04EC0-301F-11D3-BF4B-00C04F79EFBC}") = "ImageCropWebsite", "ImageCropWebsite.csproj", "{08DD543E-D836-4163-9693-7C7FBA01F0E6}"
EndProject
Project("{FAE04EC0-301F-11D3-BF4B-00C04F79EFBC}") = "ImageCrop.Web", "ImageCrop.Web\ImageCrop.Web.csproj", "{ED7D9A4B-E8FE-4099-A405-8DB002B817E3}"
EndProject
Global
	GlobalSection(SolutionConfigurationPlatforms) = preSolution
		Debug|Any CPU = Debug|Any CPU
		Release|Any CPU = Release|Any CPU
	EndGlobalSection
	GlobalSection(SolutionProperties) = preSolution
		HideSolutionNode = FALSE
	EndGlobalSection
	GlobalSection(ProjectConfigurationPlatforms) = postSolution
		{08DD543E-D836-4163-9693-7C7FBA01F0E6}.Debug|Any CPU.ActiveCfg = Debug|Any CPU
		{08DD543E-D836-4163-9693-7C7FBA01F0E6}.Debug|Any CPU.Build.0 = Debug|Any CPU
		{08DD543E-D836-4163-9693-7C7FBA01F0E6}.Release|Any CPU.ActiveCfg = Release|Any CPU
		{08DD543E-D836-4163-9693-7C7FBA01F0E6}.Release|Any CPU.Build.0 = Release|Any CPU
		{ED7D9A4B-E8FE-4099-A405-8DB002B817E3}.Debug|Any CPU.ActiveCfg = Debug|Any CPU
		{ED7D9A4B-E8FE-4099-A405-8DB002B817E3}.Debug|Any CPU.Build.0 = Debug|Any CPU
		{ED7D9A4B-E8FE-4099-A405-8DB002B817E3}.Release|Any CPU.ActiveCfg = Release|Any CPU
		{ED7D9A4B-E8FE-4099-A405-8DB002B817E3}.Release|Any CPU.Build.0 = Release|Any CPU
	EndGlobalSection
EndGlobal
